
Microsoft Visual Studio Solution File, Format Version 12.00
# Visual Studio Version 17
VisualStudioVersion = 17.0.31903.59
MinimumVisualStudioVersion = 10.0.40219.1
Project("{FAE04EC0-301F-11D3-BF4B-00C04F79EFBC}") = "API", "API\API.csproj", "{D428F3A3-0B01-446A-871C-8EC95E639AC0}"
EndProject
Project("{FAE04EC0-301F-11D3-BF4B-00C04F79EFBC}") = "Core", "Core\Core.csproj", "{19ACCD32-D8A3-407A-9B14-4AE1C665B2D7}"
EndProject
Project("{FAE04EC0-301F-11D3-BF4B-00C04F79EFBC}") = "Infrastructure", "Infrastructure\Infrastructure.csproj", "{B3D57869-1FE3-4C21-BD8C-F4E8C2A04D42}"
EndProject
Global
	GlobalSection(SolutionConfigurationPlatforms) = preSolution
		Debug|Any CPU = Debug|Any CPU
		Release|Any CPU = Release|Any CPU
	EndGlobalSection
	GlobalSection(SolutionProperties) = preSolution
		HideSolutionNode = FALSE
	EndGlobalSection
	GlobalSection(ProjectConfigurationPlatforms) = postSolution
		{D428F3A3-0B01-446A-871C-8EC95E639AC0}.Debug|Any CPU.ActiveCfg = Debug|Any CPU
		{D428F3A3-0B01-446A-871C-8EC95E639AC0}.Debug|Any CPU.Build.0 = Debug|Any CPU
		{D428F3A3-0B01-446A-871C-8EC95E639AC0}.Release|Any CPU.ActiveCfg = Release|Any CPU
		{D428F3A3-0B01-446A-871C-8EC95E639AC0}.Release|Any CPU.Build.0 = Release|Any CPU
		{19ACCD32-D8A3-407A-9B14-4AE1C665B2D7}.Debug|Any CPU.ActiveCfg = Debug|Any CPU
		{19ACCD32-D8A3-407A-9B14-4AE1C665B2D7}.Debug|Any CPU.Build.0 = Debug|Any CPU
		{19ACCD32-D8A3-407A-9B14-4AE1C665B2D7}.Release|Any CPU.ActiveCfg = Release|Any CPU
		{19ACCD32-D8A3-407A-9B14-4AE1C665B2D7}.Release|Any CPU.Build.0 = Release|Any CPU
		{B3D57869-1FE3-4C21-BD8C-F4E8C2A04D42}.Debug|Any CPU.ActiveCfg = Debug|Any CPU
		{B3D57869-1FE3-4C21-BD8C-F4E8C2A04D42}.Debug|Any CPU.Build.0 = Debug|Any CPU
		{B3D57869-1FE3-4C21-BD8C-F4E8C2A04D42}.Release|Any CPU.ActiveCfg = Release|Any CPU
		{B3D57869-1FE3-4C21-BD8C-F4E8C2A04D42}.Release|Any CPU.Build.0 = Release|Any CPU
	EndGlobalSection
EndGlobal
